
Microsoft Visual Studio Solution File, Format Version 12.00
# Visual Studio Version 17
VisualStudioVersion = 17.0.31903.59
MinimumVisualStudioVersion = 10.0.40219.1
Project("{2150E333-8FDC-42A3-9474-1A3956D46DE8}") = "src", "src", "{827E0CD3-B72D-47B6-A68D-7590B98EB39B}"
EndProject
Project("{FAE04EC0-301F-11D3-BF4B-00C04F79EFBC}") = "NxOpen.Foundation.Contracts", "src\NxOpen.Foundation.Contracts\NxOpen.Foundation.Contracts.csproj", "{70F1C5AD-367F-42FC-A035-0B4E2AA6600B}"
EndProject
Project("{FAE04EC0-301F-11D3-BF4B-00C04F79EFBC}") = "NxOpen.Foundation.Core", "src\NxOpen.Foundation.Core\NxOpen.Foundation.Core.csproj", "{182AA169-3E1E-4804-B78A-4555FDB24C72}"
EndProject
Project("{2150E333-8FDC-42A3-9474-1A3956D46DE8}") = "tests", "tests", "{0AB3BF05-4346-4AA6-1389-037BE0695223}"
EndProject
Project("{FAE04EC0-301F-11D3-BF4B-00C04F79EFBC}") = "NxOpen.Foundation.Contracts.Tests", "tests\NxOpen.Foundation.Contracts.Tests\NxOpen.Foundation.Contracts.Tests.csproj", "{469ABC21-1A7D-4FB4-B934-F3E877A78CEA}"
EndProject
Project("{FAE04EC0-301F-11D3-BF4B-00C04F79EFBC}") = "NxOpen.Foundation.Core.Tests", "tests\NxOpen.Foundation.Core.Tests\NxOpen.Foundation.Core.Tests.csproj", "{9BFDCB33-F17B-4957-86AC-99EA1CF7051F}"
EndProject
Global
	GlobalSection(SolutionConfigurationPlatforms) = preSolution
		Debug|Any CPU = Debug|Any CPU
		Debug|x64 = Debug|x64
		Debug|x86 = Debug|x86
		Release|Any CPU = Release|Any CPU
		Release|x64 = Release|x64
		Release|x86 = Release|x86
	EndGlobalSection
	GlobalSection(ProjectConfigurationPlatforms) = postSolution
		{70F1C5AD-367F-42FC-A035-0B4E2AA6600B}.Debug|Any CPU.ActiveCfg = Debug|Any CPU
		{70F1C5AD-367F-42FC-A035-0B4E2AA6600B}.Debug|Any CPU.Build.0 = Debug|Any CPU
		{70F1C5AD-367F-42FC-A035-0B4E2AA6600B}.Debug|x64.ActiveCfg = Debug|Any CPU
		{70F1C5AD-367F-42FC-A035-0B4E2AA6600B}.Debug|x64.Build.0 = Debug|Any CPU
		{70F1C5AD-367F-42FC-A035-0B4E2AA6600B}.Debug|x86.ActiveCfg = Debug|Any CPU
		{70F1C5AD-367F-42FC-A035-0B4E2AA6600B}.Debug|x86.Build.0 = Debug|Any CPU
		{70F1C5AD-367F-42FC-A035-0B4E2AA6600B}.Release|Any CPU.ActiveCfg = Release|Any CPU
		{70F1C5AD-367F-42FC-A035-0B4E2AA6600B}.Release|Any CPU.Build.0 = Release|Any CPU
		{70F1C5AD-367F-42FC-A035-0B4E2AA6600B}.Release|x64.ActiveCfg = Release|Any CPU
		{70F1C5AD-367F-42FC-A035-0B4E2AA6600B}.Release|x64.Build.0 = Release|Any CPU
		{70F1C5AD-367F-42FC-A035-0B4E2AA6600B}.Release|x86.ActiveCfg = Release|Any CPU
		{70F1C5AD-367F-42FC-A035-0B4E2AA6600B}.Release|x86.Build.0 = Release|Any CPU
		{182AA169-3E1E-4804-B78A-4555FDB24C72}.Debug|Any CPU.ActiveCfg = Debug|Any CPU
		{182AA169-3E1E-4804-B78A-4555FDB24C72}.Debug|Any CPU.Build.0 = Debug|Any CPU
		{182AA169-3E1E-4804-B78A-4555FDB24C72}.Debug|x64.ActiveCfg = Debug|Any CPU
		{182AA169-3E1E-4804-B78A-4555FDB24C72}.Debug|x64.Build.0 = Debug|Any CPU
		{182AA169-3E1E-4804-B78A-4555FDB24C72}.Debug|x86.ActiveCfg = Debug|Any CPU
		{182AA169-3E1E-4804-B78A-4555FDB24C72}.Debug|x86.Build.0 = Debug|Any CPU
		{182AA169-3E1E-4804-B78A-4555FDB24C72}.Release|Any CPU.ActiveCfg = Release|Any CPU
		{182AA169-3E1E-4804-B78A-4555FDB24C72}.Release|Any CPU.Build.0 = Release|Any CPU
		{182AA169-3E1E-4804-B78A-4555FDB24C72}.Release|x64.ActiveCfg = Release|Any CPU
		{182AA169-3E1E-4804-B78A-4555FDB24C72}.Release|x64.Build.0 = Release|Any CPU
		{182AA169-3E1E-4804-B78A-4555FDB24C72}.Release|x86.ActiveCfg = Release|Any CPU
		{182AA169-3E1E-4804-B78A-4555FDB24C72}.Release|x86.Build.0 = Release|Any CPU
		{469ABC21-1A7D-4FB4-B934-F3E877A78CEA}.Debug|Any CPU.ActiveCfg = Debug|Any CPU
		{469ABC21-1A7D-4FB4-B934-F3E877A78CEA}.Debug|Any CPU.Build.0 = Debug|Any CPU
		{469ABC21-1A7D-4FB4-B934-F3E877A78CEA}.Debug|x64.ActiveCfg = Debug|Any CPU
		{469ABC21-1A7D-4FB4-B934-F3E877A78CEA}.Debug|x64.Build.0 = Debug|Any CPU
		{469ABC21-1A7D-4FB4-B934-F3E877A78CEA}.Debug|x86.ActiveCfg = Debug|Any CPU
		{469ABC21-1A7D-4FB4-B934-F3E877A78CEA}.Debug|x86.Build.0 = Debug|Any CPU
		{469ABC21-1A7D-4FB4-B934-F3E877A78CEA}.Release|Any CPU.ActiveCfg = Release|Any CPU
		{469ABC21-1A7D-4FB4-B934-F3E877A78CEA}.Release|Any CPU.Build.0 = Release|Any CPU
		{469ABC21-1A7D-4FB4-B934-F3E877A78CEA}.Release|x64.ActiveCfg = Release|Any CPU
		{469ABC21-1A7D-4FB4-B934-F3E877A78CEA}.Release|x64.Build.0 = Release|Any CPU
		{469ABC21-1A7D-4FB4-B934-F3E877A78CEA}.Release|x86.ActiveCfg = Release|Any CPU
		{469ABC21-1A7D-4FB4-B934-F3E877A78CEA}.Release|x86.Build.0 = Release|Any CPU
		{9BFDCB33-F17B-4957-86AC-99EA1CF7051F}.Debug|Any CPU.ActiveCfg = Debug|Any CPU
		{9BFDCB33-F17B-4957-86AC-99EA1CF7051F}.Debug|Any CPU.Build.0 = Debug|Any CPU
		{9BFDCB33-F17B-4957-86AC-99EA1CF7051F}.Debug|x64.ActiveCfg = Debug|Any CPU
		{9BFDCB33-F17B-4957-86AC-99EA1CF7051F}.Debug|x64.Build.0 = Debug|Any CPU
		{9BFDCB33-F17B-4957-86AC-99EA1CF7051F}.Debug|x86.ActiveCfg = Debug|Any CPU
		{9BFDCB33-F17B-4957-86AC-99EA1CF7051F}.Debug|x86.Build.0 = Debug|Any CPU
		{9BFDCB33-F17B-4957-86AC-99EA1CF7051F}.Release|Any CPU.ActiveCfg = Release|Any CPU
		{9BFDCB33-F17B-4957-86AC-99EA1CF7051F}.Release|Any CPU.Build.0 = Release|Any CPU
		{9BFDCB33-F17B-4957-86AC-99EA1CF7051F}.Release|x64.ActiveCfg = Release|Any CPU
		{9BFDCB33-F17B-4957-86AC-99EA1CF7051F}.Release|x64.Build.0 = Release|Any CPU
		{9BFDCB33-F17B-4957-86AC-99EA1CF7051F}.Release|x86.ActiveCfg = Release|Any CPU
		{9BFDCB33-F17B-4957-86AC-99EA1CF7051F}.Release|x86.Build.0 = Release|Any CPU
	EndGlobalSection
	GlobalSection(SolutionProperties) = preSolution
		HideSolutionNode = FALSE
	EndGlobalSection
	GlobalSection(NestedProjects) = preSolution
		{70F1C5AD-367F-42FC-A035-0B4E2AA6600B} = {827E0CD3-B72D-47B6-A68D-7590B98EB39B}
		{182AA169-3E1E-4804-B78A-4555FDB24C72} = {827E0CD3-B72D-47B6-A68D-7590B98EB39B}
		{469ABC21-1A7D-4FB4-B934-F3E877A78CEA} = {0AB3BF05-4346-4AA6-1389-037BE0695223}
		{9BFDCB33-F17B-4957-86AC-99EA1CF7051F} = {0AB3BF05-4346-4AA6-1389-037BE0695223}
	EndGlobalSection
EndGlobal
